
Microsoft Visual Studio Solution File, Format Version 12.00
# Visual Studio Version 17
VisualStudioVersion = 17.0.31410.414
MinimumVisualStudioVersion = 10.0.40219.1
Project("{FAE04EC0-301F-11D3-BF4B-00C04F79EFBC}") = "SampleSchoolApi", "SampleSchoolApi\SampleSchoolApi.csproj", "{F3567694-B418-485E-A44D-A259CE7010BC}"
EndProject
Global
	GlobalSection(SolutionConfigurationPlatforms) = preSolution
		Debug|Any CPU = Debug|Any CPU
		Release|Any CPU = Release|Any CPU
	EndGlobalSection
	GlobalSection(ProjectConfigurationPlatforms) = postSolution
		{F3567694-B418-485E-A44D-A259CE7010BC}.Debug|Any CPU.ActiveCfg = Debug|Any CPU
		{F3567694-B418-485E-A44D-A259CE7010BC}.Debug|Any CPU.Build.0 = Debug|Any CPU
		{F3567694-B418-485E-A44D-A259CE7010BC}.Release|Any CPU.ActiveCfg = Release|Any CPU
		{F3567694-B418-485E-A44D-A259CE7010BC}.Release|Any CPU.Build.0 = Release|Any CPU
	EndGlobalSection
	GlobalSection(SolutionProperties) = preSolution
		HideSolutionNode = FALSE
	EndGlobalSection
	GlobalSection(ExtensibilityGlobals) = postSolution
		SolutionGuid = {25BACAFA-2B81-4956-9C53-2A5B883BF2DE}
	EndGlobalSection
EndGlobal
